# This file is autogenerated, do not edit; changes may be undone by the next 'dep ensure'.


[[projects]]
  branch = "master"
  name = "github.com/asciiu/gomo"
  packages = [
    "account-service/proto/account",
    "account-service/proto/balance",
    "activity-bulletin/proto",
    "analytics-service/proto/analytics",
    "balance-service/proto/balance",
    "common/constants/message",
    "common/constants/response",
    "common/db",
    "common/proto/events",
    "device-service/proto/device",
    "key-service/proto/key",
    "plan-service/proto/order",
    "plan-service/proto/plan",
    "user-service/db/sql",
    "user-service/models",
    "user-service/proto/user"
  ]
  revision = "d24d3ca8f4174f801b344e11255dc91eed4f268d"

[[projects]]
  name = "github.com/dgrijalva/jwt-go"
  packages = ["."]
  revision = "06ea1031745cb8b3dab3f6a236daf2b0aa468b7e"
  version = "v3.2.0"

[[projects]]
  name = "github.com/go-log/log"
  packages = [
    ".",
    "log"
  ]
  revision = "37e2e1f19306361e1fc152a1839f1236149cb4e4"
  version = "v0.1.0"

[[projects]]
  name = "github.com/golang/protobuf"
  packages = [
    "proto",
    "ptypes",
    "ptypes/any",
    "ptypes/duration",
    "ptypes/timestamp"
  ]
  revision = "b4deda0973fb4c70b50d226b1af49f3da59f5265"
  version = "v1.1.0"

[[projects]]
  name = "github.com/google/uuid"
  packages = ["."]
  revision = "064e2069ce9c359c118179501254f67d7d37ba24"
  version = "0.2"

[[projects]]
  name = "github.com/gorilla/websocket"
  packages = ["."]
  revision = "ea4d1f681babbce9545c9c5f3d5194a789c89f5b"
  version = "v1.2.0"

[[projects]]
  name = "github.com/hashicorp/consul"
  packages = [
    "api",
    "watch"
  ]
  revision = "39f93f011e591c842acc8053a7f5972aa6e592fd"
  version = "v1.2.1"

[[projects]]
  branch = "master"
  name = "github.com/hashicorp/go-cleanhttp"
  packages = ["."]
  revision = "d5fe4b57a186c716b0e00b8c301cbd9b4182694d"

[[projects]]
  branch = "master"
  name = "github.com/hashicorp/go-rootcerts"
  packages = ["."]
  revision = "6bb64b370b90e7ef1fa532be9e591a81c3493e00"

[[projects]]
  name = "github.com/hashicorp/serf"
  packages = ["coordinate"]
  revision = "d6574a5bb1226678d7010325fb6c985db20ee458"
  version = "v0.8.1"

[[projects]]
  name = "github.com/json-iterator/go"
  packages = ["."]
  revision = "1624edc4454b8682399def8740d46db5e4362ba4"
  version = "1.1.5"

[[projects]]
  name = "github.com/labstack/echo"
  packages = [
    ".",
    "middleware"
  ]
  revision = "6d227dfea4d2e52cb76856120b3c17f758139b4e"
  version = "3.3.5"

[[projects]]
  name = "github.com/labstack/gommon"
  packages = [
    "bytes",
    "color",
    "log",
    "random"
  ]
  revision = "d6898124de917583f5ff5592ef931d1dfe0ddc05"
  version = "0.2.6"

[[projects]]
  branch = "master"
  name = "github.com/lib/pq"
  packages = [
    ".",
    "oid"
  ]
  revision = "90697d60dd844d5ef6ff15135d0203f65d2f53b8"

[[projects]]
  name = "github.com/mattn/go-colorable"
  packages = ["."]
  revision = "167de6bfdfba052fa6b2d3664c8f5272e23c9072"
  version = "v0.0.9"

[[projects]]
  name = "github.com/mattn/go-isatty"
  packages = ["."]
  revision = "0360b2af4f38e8d38c7fce2a9f4e702702d73a39"
  version = "v0.0.3"

[[projects]]
  branch = "master"
  name = "github.com/micro/cli"
  packages = ["."]
  revision = "3d2263bb092286dde294a31049c92665f8373820"

[[projects]]
  name = "github.com/micro/go-grpc"
  packages = ["."]
  revision = "52024085c07e420ed8795c95006255a75feb500e"
  version = "v0.3.0"

[[projects]]
  branch = "master"
  name = "github.com/micro/go-log"
  packages = ["."]
  revision = "cbfa9447f9b655f8e66583237e51f40ca9bff860"

[[projects]]
  name = "github.com/micro/go-micro"
  packages = [
    ".",
    "broker",
    "broker/codec",
    "broker/codec/json",
    "broker/http",
    "client",
    "cmd",
    "codec",
    "codec/jsonrpc",
    "codec/protorpc",
    "errors",
    "metadata",
    "registry",
    "registry/consul",
    "registry/mdns",
    "selector",
    "selector/cache",
    "server",
    "server/debug",
    "server/debug/proto",
    "transport",
    "transport/codec",
    "transport/http"
  ]
  revision = "5372707d0ec1ebd736bec36818ddb2e700606589"
  version = "v0.9.0"

[[projects]]
  branch = "master"
  name = "github.com/micro/go-plugins"
  packages = [
    "client/grpc",
    "registry/kubernetes",
    "registry/kubernetes/client",
    "registry/kubernetes/client/api",
    "registry/kubernetes/client/watch",
    "selector/cache",
    "selector/static",
    "server/grpc"
  ]
  revision = "1f325a7aa0822b70dedf480ffb2c2655ffb98087"

[[projects]]
  branch = "master"
  name = "github.com/micro/go-rcache"
  packages = ["."]
  revision = "a581a57b513351792b9f21fc8b95d87b1c5a95da"

[[projects]]
  branch = "master"
  name = "github.com/micro/grpc-go"
  packages = [
    ".",
    "balancer",
    "balancer/base",
    "balancer/roundrobin",
    "codes",
    "connectivity",
    "credentials",
    "encoding",
    "encoding/proto",
    "internal",
    "internal/backoff",
    "internal/channelz",
    "internal/envconfig",
    "internal/grpcrand",
    "keepalive",
    "logger",
    "metadata",
    "naming",
    "peer",
    "resolver",
    "resolver/dns",
    "resolver/passthrough",
    "stats",
    "status",
    "transport"
  ]
  revision = "c1c2ada0ee9baa897393f1c03baeb28a9515d4a7"

[[projects]]
  name = "github.com/micro/kubernetes"
  packages = ["go/micro"]
  revision = "1b3cb85ccc7a367049117e263edc1a26a98b20b5"
  version = "v0.1.0"

[[projects]]
  branch = "master"
  name = "github.com/micro/mdns"
  packages = ["."]
  revision = "cdf30746f9f70dc7a366d3d885792a092fd83102"

[[projects]]
  branch = "master"
  name = "github.com/micro/util"
  packages = [
    "go/lib/addr",
    "go/lib/grpc",
    "go/lib/net",
    "go/lib/tls"
  ]
  revision = "4b7ed83e8520ab8fe6e5ef61fa2ede94b32f8602"

[[projects]]
  name = "github.com/miekg/dns"
  packages = ["."]
  revision = "5a2b9fab83ff0f8bfc99684bd5f43a37abe560f1"
  version = "v1.0.8"

[[projects]]
  branch = "master"
  name = "github.com/mitchellh/go-homedir"
  packages = ["."]
  revision = "3864e76763d94a6df2f9960b16a20a33da9f9a66"

[[projects]]
  branch = "master"
  name = "github.com/mitchellh/hashstructure"
  packages = ["."]
  revision = "2bca23e0e452137f789efbc8610126fd8b94f73b"

[[projects]]
  branch = "master"
  name = "github.com/mitchellh/mapstructure"
  packages = ["."]
  revision = "f15292f7a699fcc1a38a80977f80a046874ba8ac"

[[projects]]
  name = "github.com/modern-go/concurrent"
  packages = ["."]
  revision = "bacd9c7ef1dd9b15be4a9909b8ac7a4e313eec94"
  version = "1.0.3"

[[projects]]
  name = "github.com/modern-go/reflect2"
  packages = ["."]
  revision = "4b7aa43c6742a2c18fdef89dd197aaae7dac7ccd"
  version = "1.0.1"

[[projects]]
  name = "github.com/pborman/uuid"
  packages = ["."]
  revision = "e790cca94e6cc75c7064b1332e63811d4aae1a53"
  version = "v1.1"

[[projects]]
  name = "github.com/pkg/errors"
  packages = ["."]
  revision = "645ef00459ed84a119197bfb8d8205042c6df63d"
  version = "v0.8.0"

[[projects]]
  branch = "master"
  name = "github.com/valyala/bytebufferpool"
  packages = ["."]
  revision = "e746df99fe4a3986f4d4f79e13c1e0117ce9c2f7"

[[projects]]
  branch = "master"
  name = "github.com/valyala/fasttemplate"
  packages = ["."]
  revision = "dcecefd839c4193db0d35b88ec65b4c12d360ab0"

[[projects]]
  branch = "master"
  name = "golang.org/x/crypto"
  packages = [
    "acme",
    "acme/autocert",
    "bcrypt",
    "blowfish",
    "ed25519",
    "ed25519/internal/edwards25519"
  ]
  revision = "c126467f60eb25f8f27e5a981f32a87e3965053f"

[[projects]]
  branch = "master"
  name = "golang.org/x/net"
  packages = [
    "bpf",
    "context",
    "http/httpguts",
    "http2",
    "http2/hpack",
    "idna",
    "internal/iana",
    "internal/socket",
    "internal/timeseries",
    "ipv4",
    "ipv6",
    "trace"
  ]
  revision = "c4299a1a0d8524c11563db160fbf9bddbceadb21"

[[projects]]
  branch = "master"
  name = "golang.org/x/sys"
  packages = ["unix"]
  revision = "bd9dbc187b6e1dacfdd2722a87e83093c2d7bd6e"

[[projects]]
  name = "golang.org/x/text"
  packages = [
    "collate",
    "collate/build",
    "internal/colltab",
    "internal/gen",
    "internal/tag",
    "internal/triegen",
    "internal/ucd",
    "language",
    "secure/bidirule",
    "transform",
    "unicode/bidi",
    "unicode/cldr",
    "unicode/norm",
    "unicode/rangetable"
  ]
  revision = "f21a4dfb5e38f5895301dc265a8def02365cc3d0"
  version = "v0.3.0"

[[projects]]
  branch = "master"
  name = "google.golang.org/genproto"
  packages = ["googleapis/rpc/status"]
  revision = "2a72893556e4d1f6c795a4c039314c9fa751eedb"

[solve-meta]
  analyzer-name = "dep"
  analyzer-version = 1
  inputs-digest = "f139476fb84e36e32c6f4c8e768070dde1913628c69f64d9ecd53b9d8e0b537f"
  solver-name = "gps-cdcl"
  solver-version = 1
