# This file is autogenerated, do not edit; changes may be undone by the next 'dep ensure'.


[[projects]]
  branch = "master"
  name = "github.com/asciiu/socketcluster-client-go"
  packages = ["scclient"]
  revision = "f5b8daa5d6f3c81a2da837af1e50369c438377c5"

[[projects]]
  name = "github.com/rgamba/evtwebsocket"
  packages = ["."]
  revision = "f226ee483c6cbf8b0e153b76b4285b4c06af3006"
  branch = "master"

[[projects]]
  branch = "master"
  name = "github.com/sacOO7/socketcluster-client-go"
  packages = [
    "scclient/models",
    "scclient/parser",
    "scclient/utils"
  ]
  revision = "38e51acdd956bcc787dd30e2ec57c4a0ef0afd81"

[[projects]]
  branch = "master"
  name = "golang.org/x/net"
  packages = ["websocket"]
  revision = "f73e4c9ed3b7ebdd5f699a16a880c2b1994e50dd"

[solve-meta]
  analyzer-name = "dep"
  analyzer-version = 1
  inputs-digest = "2065514847f8e8c1a8dbddb3b07ca351ea5a3e0d28137185ce218ebd65602bbc"
  solver-name = "gps-cdcl"
  solver-version = 1
